# THIS IS AN AUTOGENERATED FILE. DO NOT EDIT THIS FILE DIRECTLY.
# yarn lockfile v1


"@types/color-name@^1.1.1":
  version "1.1.1"
  resolved "https://registry.npm.taobao.org/@types/color-name/download/@types/color-name-1.1.1.tgz#1c1261bbeaa10a8055bbc5d8ab84b7b2afc846a0"
  integrity sha1-HBJhu+qhCoBVu8XYq4S3sq/IRqA=

"@types/node-fetch@^2.5.5":
  version "2.5.5"
  resolved "https://registry.npm.taobao.org/@types/node-fetch/download/@types/node-fetch-2.5.5.tgz?cache=0&sync_timestamp=1582589926082&other_urls=https%3A%2F%2Fregistry.npm.taobao.org%2F%40types%2Fnode-fetch%2Fdownload%2F%40types%2Fnode-fetch-2.5.5.tgz#cd264e20a81f4600a6c52864d38e7fef72485e92"
  integrity sha1-zSZOIKgfRgCmxShk045/73JIXpI=
  dependencies:
    "@types/node" "*"
    form-data "^3.0.0"

"@types/node@*":
  version "13.7.7"
  resolved "https://registry.npm.taobao.org/@types/node/download/@types/node-13.7.7.tgz?cache=0&sync_timestamp=1582916461374&other_urls=https%3A%2F%2Fregistry.npm.taobao.org%2F%40types%2Fnode%2Fdownload%2F%40types%2Fnode-13.7.7.tgz#1628e6461ba8cc9b53196dfeaeec7b07fa6eea99"
  integrity sha1-FijmRhuozJtTGW3+rux7B/pu6pk=

ansi-styles@^4.1.0:
  version "4.2.1"
  resolved "https://registry.npm.taobao.org/ansi-styles/download/ansi-styles-4.2.1.tgz#90ae75c424d008d2624c5bf29ead3177ebfcf359"
  integrity sha1-kK51xCTQCNJiTFvynq0xd+v881k=
  dependencies:
    "@types/color-name" "^1.1.1"
    color-convert "^2.0.1"

asynckit@^0.4.0:
  version "0.4.0"
  resolved "https://registry.npm.taobao.org/asynckit/download/asynckit-0.4.0.tgz#c79ed97f7f34cb8f2ba1bc9790bcc366474b4b79"
  integrity sha1-x57Zf380y48robyXkLzDZkdLS3k=

chalk@^3.0.0:
  version "3.0.0"
  resolved "https://registry.npm.taobao.org/chalk/download/chalk-3.0.0.tgz?cache=0&sync_timestamp=1573282918610&other_urls=https%3A%2F%2Fregistry.npm.taobao.org%2Fchalk%2Fdownload%2Fchalk-3.0.0.tgz#3f73c2bf526591f574cc492c51e2456349f844e4"
  integrity sha1-P3PCv1JlkfV0zEksUeJFY0n4ROQ=
  dependencies:
    ansi-styles "^4.1.0"
    supports-color "^7.1.0"

color-convert@^2.0.1:
  version "2.0.1"
  resolved "https://registry.npm.taobao.org/color-convert/download/color-convert-2.0.1.tgz#72d3a68d598c9bdb3af2ad1e84f21d896abd4de3"
  integrity sha1-ctOmjVmMm9s68q0ehPIdiWq9TeM=
  dependencies:
    color-name "~1.1.4"

color-name@~1.1.4:
  version "1.1.4"
  resolved "https://registry.npm.taobao.org/color-name/download/color-name-1.1.4.tgz#c2a09a87acbde69543de6f63fa3995c826c536a2"
  integrity sha1-wqCah6y95pVD3m9j+jmVyCbFNqI=

combined-stream@^1.0.8:
  version "1.0.8"
  resolved "https://registry.npm.taobao.org/combined-stream/download/combined-stream-1.0.8.tgz#c3d45a8b34fd730631a110a8a2520682b31d5a7f"
  integrity sha1-w9RaizT9cwYxoRCoolIGgrMdWn8=
  dependencies:
    delayed-stream "~1.0.0"

delayed-stream@~1.0.0:
  version "1.0.0"
  resolved "https://registry.npm.taobao.org/delayed-stream/download/delayed-stream-1.0.0.tgz#df3ae199acadfb7d440aaae0b29e2272b24ec619"
  integrity sha1-3zrhmayt+31ECqrgsp4icrJOxhk=

form-data@^3.0.0:
  version "3.0.0"
  resolved "https://registry.npm.taobao.org/form-data/download/form-data-3.0.0.tgz#31b7e39c85f1355b7139ee0c647cf0de7f83c682"
  integrity sha1-MbfjnIXxNVtxOe4MZHzw3n+DxoI=
  dependencies:
    asynckit "^0.4.0"
    combined-stream "^1.0.8"
    mime-types "^2.1.12"

has-flag@^4.0.0:
  version "4.0.0"
  resolved "https://registry.npm.taobao.org/has-flag/download/has-flag-4.0.0.tgz#944771fd9c81c81265c4d6941860da06bb59479b"
  integrity sha1-lEdx/ZyByBJlxNaUGGDaBrtZR5s=

mime-db@1.43.0:
  version "1.43.0"
  resolved "https://registry.npm.taobao.org/mime-db/download/mime-db-1.43.0.tgz?cache=0&sync_timestamp=1578281104943&other_urls=https%3A%2F%2Fregistry.npm.taobao.org%2Fmime-db%2Fdownload%2Fmime-db-1.43.0.tgz#0a12e0502650e473d735535050e7c8f4eb4fae58"
  integrity sha1-ChLgUCZQ5HPXNVNQUOfI9OtPrlg=

mime-types@^2.1.12:
  version "2.1.26"
  resolved "https://registry.npm.taobao.org/mime-types/download/mime-types-2.1.26.tgz?cache=0&sync_timestamp=1578282585871&other_urls=https%3A%2F%2Fregistry.npm.taobao.org%2Fmime-types%2Fdownload%2Fmime-types-2.1.26.tgz#9c921fc09b7e149a65dfdc0da4d20997200b0a06"
  integrity sha1-nJIfwJt+FJpl39wNpNIJlyALCgY=
  dependencies:
    mime-db "1.43.0"

node-fetch@^2.6.1:
  version "2.6.1"
  resolved "https://registry.yarnpkg.com/node-fetch/-/node-fetch-2.6.1.tgz#045bd323631f76ed2e2b55573394416b639a0052"
  integrity sha512-V4aYg89jEoVRxRb2fJdAg8FHvI7cEyYdVAh94HH0UIK8oJxUfkjlDQN9RbMx+bEjP7+ggMiFRprSti032Oipxw==

supports-color@^7.1.0:
  version "7.1.0"
  resolved "https://registry.npm.taobao.org/supports-color/download/supports-color-7.1.0.tgz#68e32591df73e25ad1c4b49108a2ec507962bfd1"
  integrity sha1-aOMlkd9z4lrRxLSRCKLsUHliv9E=
  dependencies:
    has-flag "^4.0.0"
